
Microsoft Visual Studio Solution File, Format Version 12.00
# Visual Studio Version 17
VisualStudioVersion = 17.0.32014.148
MinimumVisualStudioVersion = 10.0.40219.1
Project("{9A19103F-16F7-4668-BE54-9A1E7A4F7556}") = "Garage.UIConsole", "Garage.UIConsole\Garage.UIConsole.csproj", "{0581B1EE-3617-4AA4-834B-42E9F08274BA}"
EndProject
Project("{9A19103F-16F7-4668-BE54-9A1E7A4F7556}") = "Garage.Common", "Garage.Common\Garage.Common.csproj", "{74C57625-C0BC-4046-9F6A-28B630761C4E}"
EndProject
Project("{2150E333-8FDC-42A3-9474-1A3956D46DE8}") = "Tests", "Tests", "{8961015F-602C-4CFA-90C0-CF7B8BB0C8E5}"
EndProject
Global
	GlobalSection(SolutionConfigurationPlatforms) = preSolution
		Debug|Any CPU = Debug|Any CPU
		Release|Any CPU = Release|Any CPU
	EndGlobalSection
	GlobalSection(ProjectConfigurationPlatforms) = postSolution
		{0581B1EE-3617-4AA4-834B-42E9F08274BA}.Debug|Any CPU.ActiveCfg = Debug|Any CPU
		{0581B1EE-3617-4AA4-834B-42E9F08274BA}.Debug|Any CPU.Build.0 = Debug|Any CPU
		{0581B1EE-3617-4AA4-834B-42E9F08274BA}.Release|Any CPU.ActiveCfg = Release|Any CPU
		{0581B1EE-3617-4AA4-834B-42E9F08274BA}.Release|Any CPU.Build.0 = Release|Any CPU
		{74C57625-C0BC-4046-9F6A-28B630761C4E}.Debug|Any CPU.ActiveCfg = Debug|Any CPU
		{74C57625-C0BC-4046-9F6A-28B630761C4E}.Debug|Any CPU.Build.0 = Debug|Any CPU
		{74C57625-C0BC-4046-9F6A-28B630761C4E}.Release|Any CPU.ActiveCfg = Release|Any CPU
		{74C57625-C0BC-4046-9F6A-28B630761C4E}.Release|Any CPU.Build.0 = Release|Any CPU
	EndGlobalSection
	GlobalSection(SolutionProperties) = preSolution
		HideSolutionNode = FALSE
	EndGlobalSection
	GlobalSection(ExtensibilityGlobals) = postSolution
		SolutionGuid = {C69C81C9-9E6F-49D8-BE4F-B94345699786}
	EndGlobalSection
EndGlobal
